# THIS IS AN AUTOGENERATED FILE. DO NOT EDIT THIS FILE DIRECTLY.
# yarn lockfile v1


"@antfu/utils@^0.7.2":
  version "0.7.2"
  resolved "https://registry.npmmirror.com/@antfu/utils/-/utils-0.7.2.tgz#3bb6f37a6b188056fe9e2f363b6aa735ed65d7ca"

"@babel/parser@^7.16.4":
  version "7.21.4"
  resolved "https://registry.npmmirror.com/@babel/parser/-/parser-7.21.4.tgz#94003fdfc520bbe2875d4ae557b43ddb6d880f17"

"@babel/parser@^7.20.15", "@babel/parser@^7.21.3":
  version "7.21.8"
  resolved "https://registry.npmmirror.com/@babel/parser/-/parser-7.21.8.tgz#642af7d0333eab9c0ad70b14ac5e76dbde7bfdf8"

"@ctrl/tinycolor@^3.4.1":
  version "3.6.0"
  resolved "https://registry.npmmirror.com/@ctrl/tinycolor/-/tinycolor-3.6.0.tgz#53fa5fe9c34faee89469e48f91d51a3766108bc8"

"@element-plus/icons-vue@^2.0.6":
  version "2.1.0"
  resolved "https://registry.npmmirror.com/@element-plus/icons-vue/-/icons-vue-2.1.0.tgz#7ad90d08a8c0d5fd3af31c4f73264ca89614397a"

"@esbuild/android-arm64@0.17.18":
  version "0.17.18"
  resolved "https://registry.npmmirror.com/@esbuild/android-arm64/-/android-arm64-0.17.18.tgz#4aa8d8afcffb4458736ca9b32baa97d7cb5861ea"

"@esbuild/android-arm@0.17.18":
  version "0.17.18"
  resolved "https://registry.npmmirror.com/@esbuild/android-arm/-/android-arm-0.17.18.tgz#74a7e95af4ee212ebc9db9baa87c06a594f2a427"

"@esbuild/android-x64@0.17.18":
  version "0.17.18"
  resolved "https://registry.npmmirror.com/@esbuild/android-x64/-/android-x64-0.17.18.tgz#1dcd13f201997c9fe0b204189d3a0da4eb4eb9b6"

"@esbuild/darwin-arm64@0.17.18":
  version "0.17.18"
  resolved "https://registry.npmmirror.com/@esbuild/darwin-arm64/-/darwin-arm64-0.17.18.tgz#444f3b961d4da7a89eb9bd35cfa4415141537c2a"

"@esbuild/darwin-x64@0.17.18":
  version "0.17.18"
  resolved "https://registry.npmmirror.com/@esbuild/darwin-x64/-/darwin-x64-0.17.18.tgz#a6da308d0ac8a498c54d62e0b2bfb7119b22d315"

"@esbuild/freebsd-arm64@0.17.18":
  version "0.17.18"
  resolved "https://registry.npmmirror.com/@esbuild/freebsd-arm64/-/freebsd-arm64-0.17.18.tgz#b83122bb468889399d0d63475d5aea8d6829c2c2"

"@esbuild/freebsd-x64@0.17.18":
  version "0.17.18"
  resolved "https://registry.npmmirror.com/@esbuild/freebsd-x64/-/freebsd-x64-0.17.18.tgz#af59e0e03fcf7f221b34d4c5ab14094862c9c864"

"@esbuild/linux-arm64@0.17.18":
  version "0.17.18"
  resolved "https://registry.npmmirror.com/@esbuild/linux-arm64/-/linux-arm64-0.17.18.tgz#8551d72ba540c5bce4bab274a81c14ed01eafdcf"

"@esbuild/linux-arm@0.17.18":
  version "0.17.18"
  resolved "https://registry.npmmirror.com/@esbuild/linux-arm/-/linux-arm-0.17.18.tgz#e09e76e526df4f665d4d2720d28ff87d15cdf639"

"@esbuild/linux-ia32@0.17.18":
  version "0.17.18"
  resolved "https://registry.npmmirror.com/@esbuild/linux-ia32/-/linux-ia32-0.17.18.tgz#47878860ce4fe73a36fd8627f5647bcbbef38ba4"

"@esbuild/linux-loong64@0.17.18":
  version "0.17.18"
  resolved "https://registry.npmmirror.com/@esbuild/linux-loong64/-/linux-loong64-0.17.18.tgz#3f8fbf5267556fc387d20b2e708ce115de5c967a"

"@esbuild/linux-mips64el@0.17.18":
  version "0.17.18"
  resolved "https://registry.npmmirror.com/@esbuild/linux-mips64el/-/linux-mips64el-0.17.18.tgz#9d896d8f3c75f6c226cbeb840127462e37738226"

"@esbuild/linux-ppc64@0.17.18":
  version "0.17.18"
  resolved "https://registry.npmmirror.com/@esbuild/linux-ppc64/-/linux-ppc64-0.17.18.tgz#3d9deb60b2d32c9985bdc3e3be090d30b7472783"

"@esbuild/linux-riscv64@0.17.18":
  version "0.17.18"
  resolved "https://registry.npmmirror.com/@esbuild/linux-riscv64/-/linux-riscv64-0.17.18.tgz#8a943cf13fd24ff7ed58aefb940ef178f93386bc"

"@esbuild/linux-s390x@0.17.18":
  version "0.17.18"
  resolved "https://registry.npmmirror.com/@esbuild/linux-s390x/-/linux-s390x-0.17.18.tgz#66cb01f4a06423e5496facabdce4f7cae7cb80e5"

"@esbuild/linux-x64@0.17.18":
  version "0.17.18"
  resolved "https://registry.npmmirror.com/@esbuild/linux-x64/-/linux-x64-0.17.18.tgz#23c26050c6c5d1359c7b774823adc32b3883b6c9"

"@esbuild/netbsd-x64@0.17.18":
  version "0.17.18"
  resolved "https://registry.npmmirror.com/@esbuild/netbsd-x64/-/netbsd-x64-0.17.18.tgz#789a203d3115a52633ff6504f8cbf757f15e703b"

"@esbuild/openbsd-x64@0.17.18":
  version "0.17.18"
  resolved "https://registry.npmmirror.com/@esbuild/openbsd-x64/-/openbsd-x64-0.17.18.tgz#d7b998a30878f8da40617a10af423f56f12a5e90"

"@esbuild/sunos-x64@0.17.18":
  version "0.17.18"
  resolved "https://registry.npmmirror.com/@esbuild/sunos-x64/-/sunos-x64-0.17.18.tgz#ecad0736aa7dae07901ba273db9ef3d3e93df31f"

"@esbuild/win32-arm64@0.17.18":
  version "0.17.18"
  resolved "https://registry.npmmirror.com/@esbuild/win32-arm64/-/win32-arm64-0.17.18.tgz#58dfc177da30acf956252d7c8ae9e54e424887c4"

"@esbuild/win32-ia32@0.17.18":
  version "0.17.18"
  resolved "https://registry.npmmirror.com/@esbuild/win32-ia32/-/win32-ia32-0.17.18.tgz#340f6163172b5272b5ae60ec12c312485f69232b"

"@esbuild/win32-x64@0.17.18":
  version "0.17.18"
  resolved "https://registry.npmmirror.com/@esbuild/win32-x64/-/win32-x64-0.17.18.tgz#3a8e57153905308db357fd02f57c180ee3a0a1fa"

"@floating-ui/core@^1.2.6":
  version "1.2.6"
  resolved "https://registry.npmmirror.com/@floating-ui/core/-/core-1.2.6.tgz#d21ace437cc919cdd8f1640302fa8851e65e75c0"

"@floating-ui/dom@^1.0.1":
  version "1.2.7"
  resolved "https://registry.npmmirror.com/@floating-ui/dom/-/dom-1.2.7.tgz#c123e4db014b07b97e996cd459245fa217049c6b"
  dependencies:
    "@floating-ui/core" "^1.2.6"

"@jridgewell/sourcemap-codec@^1.4.13":
  version "1.4.15"
  resolved "https://registry.npmmirror.com/@jridgewell/sourcemap-codec/-/sourcemap-codec-1.4.15.tgz#d7c6e6755c78567a951e04ab52ef0fd26de59f32"

"@nodelib/fs.scandir@2.1.5":
  version "2.1.5"
  resolved "https://registry.npmmirror.com/@nodelib/fs.scandir/-/fs.scandir-2.1.5.tgz#7619c2eb21b25483f6d167548b4cfd5a7488c3d5"
  dependencies:
    "@nodelib/fs.stat" "2.0.5"
    run-parallel "^1.1.9"

"@nodelib/fs.stat@2.0.5", "@nodelib/fs.stat@^2.0.2":
  version "2.0.5"
  resolved "https://registry.npmmirror.com/@nodelib/fs.stat/-/fs.stat-2.0.5.tgz#5bd262af94e9d25bd1e71b05deed44876a222e8b"

"@nodelib/fs.walk@^1.2.3":
  version "1.2.8"
  resolved "https://registry.npmmirror.com/@nodelib/fs.walk/-/fs.walk-1.2.8.tgz#e95737e8bb6746ddedf69c556953494f196fe69a"
  dependencies:
    "@nodelib/fs.scandir" "2.1.5"
    fastq "^1.6.0"

"@popperjs/core@npm:@sxzz/popperjs-es@^2.11.7":
  version "2.11.7"
  resolved "https://registry.npmmirror.com/@sxzz/popperjs-es/-/popperjs-es-2.11.7.tgz#a7f69e3665d3da9b115f9e71671dae1b97e13671"

"@rollup/pluginutils@^5.0.2":
  version "5.0.2"
  resolved "https://registry.npmmirror.com/@rollup/pluginutils/-/pluginutils-5.0.2.tgz#012b8f53c71e4f6f9cb317e311df1404f56e7a33"
  dependencies:
    "@types/estree" "^1.0.0"
    estree-walker "^2.0.2"
    picomatch "^2.3.1"

"@types/estree@^1.0.0":
  version "1.0.1"
  resolved "https://registry.npmmirror.com/@types/estree/-/estree-1.0.1.tgz#aa22750962f3bf0e79d753d3cc067f010c95f194"

"@types/lodash-es@^4.17.6":
  version "4.17.7"
  resolved "https://registry.npmmirror.com/@types/lodash-es/-/lodash-es-4.17.7.tgz#22edcae9f44aff08546e71db8925f05b33c7cc40"
  dependencies:
    "@types/lodash" "*"

"@types/lodash@*", "@types/lodash@^4.14.182":
  version "4.14.194"
  resolved "https://registry.npmmirror.com/@types/lodash/-/lodash-4.14.194.tgz#b71eb6f7a0ff11bff59fc987134a093029258a76"

"@types/node@^18.16.3":
  version "18.16.3"
  resolved "https://registry.npmmirror.com/@types/node/-/node-18.16.3.tgz#6bda7819aae6ea0b386ebc5b24bdf602f1b42b01"

"@types/web-bluetooth@^0.0.16":
  version "0.0.16"
  resolved "https://registry.npmmirror.com/@types/web-bluetooth/-/web-bluetooth-0.0.16.tgz#1d12873a8e49567371f2a75fe3e7f7edca6662d8"

"@vitejs/plugin-vue@^4.0.0":
  version "4.2.1"
  resolved "https://registry.npmmirror.com/@vitejs/plugin-vue/-/plugin-vue-4.2.1.tgz#c3ccce9956e8cdca946f465188777e4e3e488f6a"

"@vue/compiler-core@3.2.47":
  version "3.2.47"
  resolved "https://registry.npmmirror.com/@vue/compiler-core/-/compiler-core-3.2.47.tgz#3e07c684d74897ac9aa5922c520741f3029267f8"
  dependencies:
    "@babel/parser" "^7.16.4"
    "@vue/shared" "3.2.47"
    estree-walker "^2.0.2"
    source-map "^0.6.1"

"@vue/compiler-core@3.3.1":
  version "3.3.1"
  resolved "https://registry.npmmirror.com/@vue/compiler-core/-/compiler-core-3.3.1.tgz#4e60a13a4dc65dd1f70e19d30f3746d4f9367af2"
  dependencies:
    "@babel/parser" "^7.21.3"
    "@vue/shared" "3.3.1"
    estree-walker "^2.0.2"
    source-map-js "^1.0.2"

"@vue/compiler-dom@3.2.47":
  version "3.2.47"
  resolved "https://registry.npmmirror.com/@vue/compiler-dom/-/compiler-dom-3.2.47.tgz#a0b06caf7ef7056939e563dcaa9cbde30794f305"
  dependencies:
    "@vue/compiler-core" "3.2.47"
    "@vue/shared" "3.2.47"

"@vue/compiler-dom@3.3.1":
  version "3.3.1"
  resolved "https://registry.npmmirror.com/@vue/compiler-dom/-/compiler-dom-3.3.1.tgz#2d94431071377ace74c770aafb6ab2d62205b336"
  dependencies:
    "@vue/compiler-core" "3.3.1"
    "@vue/shared" "3.3.1"

"@vue/compiler-sfc@3.2.47":
  version "3.2.47"
  resolved "https://registry.npmmirror.com/@vue/compiler-sfc/-/compiler-sfc-3.2.47.tgz#1bdc36f6cdc1643f72e2c397eb1a398f5004ad3d"
  dependencies:
    "@babel/parser" "^7.16.4"
    "@vue/compiler-core" "3.2.47"
    "@vue/compiler-dom" "3.2.47"
    "@vue/compiler-ssr" "3.2.47"
    "@vue/reactivity-transform" "3.2.47"
    "@vue/shared" "3.2.47"
    estree-walker "^2.0.2"
    magic-string "^0.25.7"
    postcss "^8.1.10"
    source-map "^0.6.1"

"@vue/compiler-sfc@3.3.1":
  version "3.3.1"
  resolved "https://registry.npmmirror.com/@vue/compiler-sfc/-/compiler-sfc-3.3.1.tgz#16a614fe9c85f35ca0e4333793441edb126323fc"
  dependencies:
    "@babel/parser" "^7.20.15"
    "@vue/compiler-core" "3.3.1"
    "@vue/compiler-dom" "3.3.1"
    "@vue/compiler-ssr" "3.3.1"
    "@vue/reactivity-transform" "3.3.1"
    "@vue/shared" "3.3.1"
    estree-walker "^2.0.2"
    magic-string "^0.30.0"
    postcss "^8.1.10"
    source-map-js "^1.0.2"

"@vue/compiler-ssr@3.2.47":
  version "3.2.47"
  resolved "https://registry.npmmirror.com/@vue/compiler-ssr/-/compiler-ssr-3.2.47.tgz#35872c01a273aac4d6070ab9d8da918ab13057ee"
  dependencies:
    "@vue/compiler-dom" "3.2.47"
    "@vue/shared" "3.2.47"

"@vue/compiler-ssr@3.3.1":
  version "3.3.1"
  resolved "https://registry.npmmirror.com/@vue/compiler-ssr/-/compiler-ssr-3.3.1.tgz#4572a5ff79fefd1ba68cb57f024763f5d004f7b3"
  dependencies:
    "@vue/compiler-dom" "3.3.1"
    "@vue/shared" "3.3.1"

"@vue/devtools-api@^6.4.5", "@vue/devtools-api@^6.5.0":
  version "6.5.0"
  resolved "https://registry.npmmirror.com/@vue/devtools-api/-/devtools-api-6.5.0.tgz#98b99425edee70b4c992692628fa1ea2c1e57d07"

"@vue/reactivity-transform@3.2.47":
  version "3.2.47"
  resolved "https://registry.npmmirror.com/@vue/reactivity-transform/-/reactivity-transform-3.2.47.tgz#e45df4d06370f8abf29081a16afd25cffba6d84e"
  dependencies:
    "@babel/parser" "^7.16.4"
    "@vue/compiler-core" "3.2.47"
    "@vue/shared" "3.2.47"
    estree-walker "^2.0.2"
    magic-string "^0.25.7"

"@vue/reactivity-transform@3.3.1":
  version "3.3.1"
  resolved "https://registry.npmmirror.com/@vue/reactivity-transform/-/reactivity-transform-3.3.1.tgz#35000e3bd4d481b228e5f0b97eb652ec9e6894dc"
  dependencies:
    "@babel/parser" "^7.20.15"
    "@vue/compiler-core" "3.3.1"
    "@vue/shared" "3.3.1"
    estree-walker "^2.0.2"
    magic-string "^0.30.0"

"@vue/reactivity@3.2.47":
  version "3.2.47"
  resolved "https://registry.npmmirror.com/@vue/reactivity/-/reactivity-3.2.47.tgz#1d6399074eadfc3ed35c727e2fd707d6881140b6"
  dependencies:
    "@vue/shared" "3.2.47"

"@vue/reactivity@3.3.1":
  version "3.3.1"
  resolved "https://registry.npmmirror.com/@vue/reactivity/-/reactivity-3.3.1.tgz#b134186493113f9f8c3fb6d65a047e19825a46e1"
  dependencies:
    "@vue/shared" "3.3.1"

"@vue/runtime-core@3.2.47":
  version "3.2.47"
  resolved "https://registry.npmmirror.com/@vue/runtime-core/-/runtime-core-3.2.47.tgz#406ebade3d5551c00fc6409bbc1eeb10f32e121d"
  dependencies:
    "@vue/reactivity" "3.2.47"
    "@vue/shared" "3.2.47"

"@vue/runtime-core@3.3.1":
  version "3.3.1"
  resolved "https://registry.npmmirror.com/@vue/runtime-core/-/runtime-core-3.3.1.tgz#ed244dcb48d4e1e2079bf7d698a218e5b8ef5f62"
  dependencies:
    "@vue/reactivity" "3.3.1"
    "@vue/shared" "3.3.1"

"@vue/runtime-dom@3.2.47":
  version "3.2.47"
  resolved "https://registry.npmmirror.com/@vue/runtime-dom/-/runtime-dom-3.2.47.tgz#93e760eeaeab84dedfb7c3eaf3ed58d776299382"
  dependencies:
    "@vue/runtime-core" "3.2.47"
    "@vue/shared" "3.2.47"
    csstype "^2.6.8"

"@vue/runtime-dom@3.3.1":
  version "3.3.1"
  resolved "https://registry.npmmirror.com/@vue/runtime-dom/-/runtime-dom-3.3.1.tgz#c07aef5b72385a2f22fdc82a203db6eba7f39fb4"
  dependencies:
    "@vue/runtime-core" "3.3.1"
    "@vue/shared" "3.3.1"
    csstype "^3.1.1"

"@vue/server-renderer@3.2.47":
  version "3.2.47"
  resolved "https://registry.npmmirror.com/@vue/server-renderer/-/server-renderer-3.2.47.tgz#8aa1d1871fc4eb5a7851aa7f741f8f700e6de3c0"
  dependencies:
    "@vue/compiler-ssr" "3.2.47"
    "@vue/shared" "3.2.47"

"@vue/server-renderer@3.3.1":
  version "3.3.1"
  resolved "https://registry.npmmirror.com/@vue/server-renderer/-/server-renderer-3.3.1.tgz#c750a775ca4abd8213748a540cce7344af00dac4"
  dependencies:
    "@vue/compiler-ssr" "3.3.1"
    "@vue/shared" "3.3.1"

"@vue/shared@3.2.47":
  version "3.2.47"
  resolved "https://registry.npmmirror.com/@vue/shared/-/shared-3.2.47.tgz#e597ef75086c6e896ff5478a6bfc0a7aa4bbd14c"

"@vue/shared@3.3.1":
  version "3.3.1"
  resolved "https://registry.npmmirror.com/@vue/shared/-/shared-3.3.1.tgz#875a1c1847ec0646fc3dbe5581cb46b49ca3c469"

"@vueuse/core@^10.0.2":
  version "10.1.0"
  resolved "https://registry.npmmirror.com/@vueuse/core/-/core-10.1.0.tgz#7c3246bea35b24298040b2576de06ce87f38f4c6"
  dependencies:
    "@types/web-bluetooth" "^0.0.16"
    "@vueuse/metadata" "10.1.0"
    "@vueuse/shared" "10.1.0"
    vue-demi ">=0.14.0"

"@vueuse/core@^9.1.0":
  version "9.13.0"
  resolved "https://registry.npmmirror.com/@vueuse/core/-/core-9.13.0.tgz#2f69e66d1905c1e4eebc249a01759cf88ea00cf4"
  dependencies:
    "@types/web-bluetooth" "^0.0.16"
    "@vueuse/metadata" "9.13.0"
    "@vueuse/shared" "9.13.0"
    vue-demi "*"

"@vueuse/metadata@10.1.0":
  version "10.1.0"
  resolved "https://registry.npmmirror.com/@vueuse/metadata/-/metadata-10.1.0.tgz#041ab49abb17e760170606199c612c8937d2968f"

"@vueuse/metadata@9.13.0":
  version "9.13.0"
  resolved "https://registry.npmmirror.com/@vueuse/metadata/-/metadata-9.13.0.tgz#bc25a6cdad1b1a93c36ce30191124da6520539ff"

"@vueuse/shared@10.1.0":
  version "10.1.0"
  resolved "https://registry.npmmirror.com/@vueuse/shared/-/shared-10.1.0.tgz#1158713a69d33b84c473dbd078c0e8c587e6ab5f"
  dependencies:
    vue-demi ">=0.14.0"

"@vueuse/shared@9.13.0":
  version "9.13.0"
  resolved "https://registry.npmmirror.com/@vueuse/shared/-/shared-9.13.0.tgz#089ff4cc4e2e7a4015e57a8f32e4b39d096353b9"
  dependencies:
    vue-demi "*"

acorn@^8.8.2:
  version "8.8.2"
  resolved "https://registry.npmmirror.com/acorn/-/acorn-8.8.2.tgz#1b2f25db02af965399b9776b0c2c391276d37c4a"

anymatch@~3.1.2:
  version "3.1.3"
  resolved "https://registry.npmmirror.com/anymatch/-/anymatch-3.1.3.tgz#790c58b19ba1720a84205b57c618d5ad8524973e"
  dependencies:
    normalize-path "^3.0.0"
    picomatch "^2.0.4"

async-validator@^4.2.5:
  version "4.2.5"
  resolved "https://registry.npmmirror.com/async-validator/-/async-validator-4.2.5.tgz#c96ea3332a521699d0afaaceed510a54656c6339"

asynckit@^0.4.0:
  version "0.4.0"
  resolved "https://registry.npmmirror.com/asynckit/-/asynckit-0.4.0.tgz#c79ed97f7f34cb8f2ba1bc9790bcc366474b4b79"

axios@^1.3.4:
  version "1.4.0"
  resolved "https://registry.npmmirror.com/axios/-/axios-1.4.0.tgz#38a7bf1224cd308de271146038b551d725f0be1f"
  dependencies:
    follow-redirects "^1.15.0"
    form-data "^4.0.0"
    proxy-from-env "^1.1.0"

balanced-match@^1.0.0:
  version "1.0.2"
  resolved "https://registry.npmmirror.com/balanced-match/-/balanced-match-1.0.2.tgz#e83e3a7e3f300b34cb9d87f615fa0cbf357690ee"

binary-extensions@^2.0.0:
  version "2.2.0"
  resolved "https://registry.npmmirror.com/binary-extensions/-/binary-extensions-2.2.0.tgz#75f502eeaf9ffde42fc98829645be4ea76bd9e2d"

brace-expansion@^2.0.1:
  version "2.0.1"
  resolved "https://registry.npmmirror.com/brace-expansion/-/brace-expansion-2.0.1.tgz#1edc459e0f0c548486ecf9fc99f2221364b9a0ae"
  dependencies:
    balanced-match "^1.0.0"

braces@^3.0.2, braces@~3.0.2:
  version "3.0.2"
  resolved "https://registry.npmmirror.com/braces/-/braces-3.0.2.tgz#3454e1a462ee8d599e236df336cd9ea4f8afe107"
  dependencies:
    fill-range "^7.0.1"

"chokidar@>=3.0.0 <4.0.0", chokidar@^3.5.3:
  version "3.5.3"
  resolved "https://registry.npmmirror.com/chokidar/-/chokidar-3.5.3.tgz#1cf37c8707b932bd1af1ae22c0432e2acd1903bd"
  dependencies:
    anymatch "~3.1.2"
    braces "~3.0.2"
    glob-parent "~5.1.2"
    is-binary-path "~2.1.0"
    is-glob "~4.0.1"
    normalize-path "~3.0.0"
    readdirp "~3.6.0"
  optionalDependencies:
    fsevents "~2.3.2"

combined-stream@^1.0.8:
  version "1.0.8"
  resolved "https://registry.npmmirror.com/combined-stream/-/combined-stream-1.0.8.tgz#c3d45a8b34fd730631a110a8a2520682b31d5a7f"
  dependencies:
    delayed-stream "~1.0.0"

csstype@^2.6.8:
  version "2.6.21"
  resolved "https://registry.npmmirror.com/csstype/-/csstype-2.6.21.tgz#2efb85b7cc55c80017c66a5ad7cbd931fda3a90e"

csstype@^3.1.1:
  version "3.1.2"
  resolved "https://registry.npmmirror.com/csstype/-/csstype-3.1.2.tgz#1d4bf9d572f11c14031f0436e1c10bc1f571f50b"

dayjs@^1.11.3:
  version "1.11.7"
  resolved "https://registry.npmmirror.com/dayjs/-/dayjs-1.11.7.tgz#4b296922642f70999544d1144a2c25730fce63e2"

debug@^4.3.4:
  version "4.3.4"
  resolved "https://registry.npmmirror.com/debug/-/debug-4.3.4.tgz#1319f6579357f2338d3337d2cdd4914bb5dcc865"
  dependencies:
    ms "2.1.2"

delayed-stream@~1.0.0:
  version "1.0.0"
  resolved "https://registry.npmmirror.com/delayed-stream/-/delayed-stream-1.0.0.tgz#df3ae199acadfb7d440aaae0b29e2272b24ec619"

element-plus@^2.3.1:
  version "2.3.4"
  resolved "https://registry.npmmirror.com/element-plus/-/element-plus-2.3.4.tgz#4319f6b0a1096cfac9c53b69da2fe23ac5aea63e"
  dependencies:
    "@ctrl/tinycolor" "^3.4.1"
    "@element-plus/icons-vue" "^2.0.6"
    "@floating-ui/dom" "^1.0.1"
    "@popperjs/core" "npm:@sxzz/popperjs-es@^2.11.7"
    "@types/lodash" "^4.14.182"
    "@types/lodash-es" "^4.17.6"
    "@vueuse/core" "^9.1.0"
    async-validator "^4.2.5"
    dayjs "^1.11.3"
    escape-html "^1.0.3"
    lodash "^4.17.21"
    lodash-es "^4.17.21"
    lodash-unified "^1.0.2"
    memoize-one "^6.0.0"
    normalize-wheel-es "^1.2.0"

esbuild@^0.17.5:
  version "0.17.18"
  resolved "https://registry.npmmirror.com/esbuild/-/esbuild-0.17.18.tgz#f4f8eb6d77384d68cd71c53eb6601c7efe05e746"
  optionalDependencies:
    "@esbuild/android-arm" "0.17.18"
    "@esbuild/android-arm64" "0.17.18"
    "@esbuild/android-x64" "0.17.18"
    "@esbuild/darwin-arm64" "0.17.18"
    "@esbuild/darwin-x64" "0.17.18"
    "@esbuild/freebsd-arm64" "0.17.18"
    "@esbuild/freebsd-x64" "0.17.18"
    "@esbuild/linux-arm" "0.17.18"
    "@esbuild/linux-arm64" "0.17.18"
    "@esbuild/linux-ia32" "0.17.18"
    "@esbuild/linux-loong64" "0.17.18"
    "@esbuild/linux-mips64el" "0.17.18"
    "@esbuild/linux-ppc64" "0.17.18"
    "@esbuild/linux-riscv64" "0.17.18"
    "@esbuild/linux-s390x" "0.17.18"
    "@esbuild/linux-x64" "0.17.18"
    "@esbuild/netbsd-x64" "0.17.18"
    "@esbuild/openbsd-x64" "0.17.18"
    "@esbuild/sunos-x64" "0.17.18"
    "@esbuild/win32-arm64" "0.17.18"
    "@esbuild/win32-ia32" "0.17.18"
    "@esbuild/win32-x64" "0.17.18"

escape-html@^1.0.3:
  version "1.0.3"
  resolved "https://registry.npmmirror.com/escape-html/-/escape-html-1.0.3.tgz#0258eae4d3d0c0974de1c169188ef0051d1d1988"

escape-string-regexp@^5.0.0:
  version "5.0.0"
  resolved "https://registry.npmmirror.com/escape-string-regexp/-/escape-string-regexp-5.0.0.tgz#4683126b500b61762f2dbebace1806e8be31b1c8"

estree-walker@^2.0.2:
  version "2.0.2"
  resolved "https://registry.npmmirror.com/estree-walker/-/estree-walker-2.0.2.tgz#52f010178c2a4c117a7757cfe942adb7d2da4cac"

fast-glob@^3.2.12:
  version "3.2.12"
  resolved "https://registry.npmmirror.com/fast-glob/-/fast-glob-3.2.12.tgz#7f39ec99c2e6ab030337142da9e0c18f37afae80"
  dependencies:
    "@nodelib/fs.stat" "^2.0.2"
    "@nodelib/fs.walk" "^1.2.3"
    glob-parent "^5.1.2"
    merge2 "^1.3.0"
    micromatch "^4.0.4"

fastq@^1.6.0:
  version "1.15.0"
  resolved "https://registry.npmmirror.com/fastq/-/fastq-1.15.0.tgz#d04d07c6a2a68fe4599fea8d2e103a937fae6b3a"
  dependencies:
    reusify "^1.0.4"

fill-range@^7.0.1:
  version "7.0.1"
  resolved "https://registry.npmmirror.com/fill-range/-/fill-range-7.0.1.tgz#1919a6a7c75fe38b2c7c77e5198535da9acdda40"
  dependencies:
    to-regex-range "^5.0.1"

follow-redirects@^1.15.0:
  version "1.15.2"
  resolved "https://registry.npmmirror.com/follow-redirects/-/follow-redirects-1.15.2.tgz#b460864144ba63f2681096f274c4e57026da2c13"

form-data@^4.0.0:
  version "4.0.0"
  resolved "https://registry.npmmirror.com/form-data/-/form-data-4.0.0.tgz#93919daeaf361ee529584b9b31664dc12c9fa452"
  dependencies:
    asynckit "^0.4.0"
    combined-stream "^1.0.8"
    mime-types "^2.1.12"

fsevents@~2.3.2:
  version "2.3.2"
  resolved "https://registry.npmmirror.com/fsevents/-/fsevents-2.3.2.tgz#8a526f78b8fdf4623b709e0b975c52c24c02fd1a"

function-bind@^1.1.1:
  version "1.1.1"
  resolved "https://registry.npmmirror.com/function-bind/-/function-bind-1.1.1.tgz#a56899d3ea3c9bab874bb9773b7c5ede92f4895d"

glob-parent@^5.1.2, glob-parent@~5.1.2:
  version "5.1.2"
  resolved "https://registry.npmmirror.com/glob-parent/-/glob-parent-5.1.2.tgz#869832c58034fe68a4093c17dc15e8340d8401c4"
  dependencies:
    is-glob "^4.0.1"

has@^1.0.3:
  version "1.0.3"
  resolved "https://registry.npmmirror.com/has/-/has-1.0.3.tgz#722d7cbfc1f6aa8241f16dd814e011e1f41e8796"
  dependencies:
    function-bind "^1.1.1"

hls.js@^1.0.10:
  version "1.4.3"
  resolved "https://registry.npmmirror.com/hls.js/-/hls.js-1.4.3.tgz#9326a680f5905631f86344d0ae155b5ef9d1bad7"

immutable@^4.0.0:
  version "4.3.0"
  resolved "https://registry.npmmirror.com/immutable/-/immutable-4.3.0.tgz#eb1738f14ffb39fd068b1dbe1296117484dd34be"

is-binary-path@~2.1.0:
  version "2.1.0"
  resolved "https://registry.npmmirror.com/is-binary-path/-/is-binary-path-2.1.0.tgz#ea1f7f3b80f064236e83470f86c09c254fb45b09"
  dependencies:
    binary-extensions "^2.0.0"

is-core-module@^2.11.0:
  version "2.12.0"
  resolved "https://registry.npmmirror.com/is-core-module/-/is-core-module-2.12.0.tgz#36ad62f6f73c8253fd6472517a12483cf03e7ec4"
  dependencies:
    has "^1.0.3"

is-extglob@^2.1.1:
  version "2.1.1"
  resolved "https://registry.npmmirror.com/is-extglob/-/is-extglob-2.1.1.tgz#a88c02535791f02ed37c76a1b9ea9773c833f8c2"

is-glob@^4.0.1, is-glob@~4.0.1:
  version "4.0.3"
  resolved "https://registry.npmmirror.com/is-glob/-/is-glob-4.0.3.tgz#64f61e42cbbb2eec2071a9dac0b28ba1e65d5084"
  dependencies:
    is-extglob "^2.1.1"

is-number@^7.0.0:
  version "7.0.0"
  resolved "https://registry.npmmirror.com/is-number/-/is-number-7.0.0.tgz#7535345b896734d5f80c4d06c50955527a14f12b"

jsonc-parser@^3.2.0:
  version "3.2.0"
  resolved "https://registry.npmmirror.com/jsonc-parser/-/jsonc-parser-3.2.0.tgz#31ff3f4c2b9793f89c67212627c51c6394f88e76"

klona@^2.0.6:
  version "2.0.6"
  resolved "https://registry.npmmirror.com/klona/-/klona-2.0.6.tgz#85bffbf819c03b2f53270412420a4555ef882e22"

local-pkg@^0.4.3:
  version "0.4.3"
  resolved "https://registry.npmmirror.com/local-pkg/-/local-pkg-0.4.3.tgz#0ff361ab3ae7f1c19113d9bb97b98b905dbc4963"

lodash-es@^4.17.21:
  version "4.17.21"
  resolved "https://registry.npmmirror.com/lodash-es/-/lodash-es-4.17.21.tgz#43e626c46e6591b7750beb2b50117390c609e3ee"

lodash-unified@^1.0.2:
  version "1.0.3"
  resolved "https://registry.npmmirror.com/lodash-unified/-/lodash-unified-1.0.3.tgz#80b1eac10ed2eb02ed189f08614a29c27d07c894"

lodash@^4.17.21:
  version "4.17.21"
  resolved "https://registry.npmmirror.com/lodash/-/lodash-4.17.21.tgz#679591c564c3bffaae8454cf0b3df370c3d6911c"

magic-string@^0.25.7:
  version "0.25.9"
  resolved "https://registry.npmmirror.com/magic-string/-/magic-string-0.25.9.tgz#de7f9faf91ef8a1c91d02c2e5314c8277dbcdd1c"
  dependencies:
    sourcemap-codec "^1.4.8"

magic-string@^0.30.0:
  version "0.30.0"
  resolved "https://registry.npmmirror.com/magic-string/-/magic-string-0.30.0.tgz#fd58a4748c5c4547338a424e90fa5dd17f4de529"
  dependencies:
    "@jridgewell/sourcemap-codec" "^1.4.13"

memoize-one@^6.0.0:
  version "6.0.0"
  resolved "https://registry.npmmirror.com/memoize-one/-/memoize-one-6.0.0.tgz#b2591b871ed82948aee4727dc6abceeeac8c1045"

merge2@^1.3.0:
  version "1.4.1"
  resolved "https://registry.npmmirror.com/merge2/-/merge2-1.4.1.tgz#4368892f885e907455a6fd7dc55c0c9d404990ae"

micromatch@^4.0.4:
  version "4.0.5"
  resolved "https://registry.npmmirror.com/micromatch/-/micromatch-4.0.5.tgz#bc8999a7cbbf77cdc89f132f6e467051b49090c6"
  dependencies:
    braces "^3.0.2"
    picomatch "^2.3.1"

mime-db@1.52.0:
  version "1.52.0"
  resolved "https://registry.npmmirror.com/mime-db/-/mime-db-1.52.0.tgz#bbabcdc02859f4987301c856e3387ce5ec43bf70"

mime-types@^2.1.12:
  version "2.1.35"
  resolved "https://registry.npmmirror.com/mime-types/-/mime-types-2.1.35.tgz#381a871b62a734450660ae3deee44813f70d959a"
  dependencies:
    mime-db "1.52.0"

minimatch@^7.4.2:
  version "7.4.6"
  resolved "https://registry.npmmirror.com/minimatch/-/minimatch-7.4.6.tgz#845d6f254d8f4a5e4fd6baf44d5f10c8448365fb"
  dependencies:
    brace-expansion "^2.0.1"

minimatch@^9.0.0:
  version "9.0.0"
  resolved "https://registry.npmmirror.com/minimatch/-/minimatch-9.0.0.tgz#bfc8e88a1c40ffd40c172ddac3decb8451503b56"
  dependencies:
    brace-expansion "^2.0.1"

mitt@^3.0.0:
  version "3.0.0"
  resolved "https://registry.npmmirror.com/mitt/-/mitt-3.0.0.tgz#69ef9bd5c80ff6f57473e8d89326d01c414be0bd"

mlly@^1.1.1, mlly@^1.2.0:
  version "1.2.0"
  resolved "https://registry.npmmirror.com/mlly/-/mlly-1.2.0.tgz#f0f6c2fc8d2d12ea6907cd869066689b5031b613"
  dependencies:
    acorn "^8.8.2"
    pathe "^1.1.0"
    pkg-types "^1.0.2"
    ufo "^1.1.1"

ms@2.1.2:
  version "2.1.2"
  resolved "https://registry.npmmirror.com/ms/-/ms-2.1.2.tgz#d09d1f357b443f493382a8eb3ccd183872ae6009"

nanoid@^3.3.6:
  version "3.3.6"
  resolved "https://registry.npmmirror.com/nanoid/-/nanoid-3.3.6.tgz#443380c856d6e9f9824267d960b4236ad583ea4c"

neo-async@^2.6.2:
  version "2.6.2"
  resolved "https://registry.npmmirror.com/neo-async/-/neo-async-2.6.2.tgz#b4aafb93e3aeb2d8174ca53cf163ab7d7308305f"

normalize-path@^3.0.0, normalize-path@~3.0.0:
  version "3.0.0"
  resolved "https://registry.npmmirror.com/normalize-path/-/normalize-path-3.0.0.tgz#0dcd69ff23a1c9b11fd0978316644a0388216a65"

normalize-wheel-es@^1.2.0:
  version "1.2.0"
  resolved "https://registry.npmmirror.com/normalize-wheel-es/-/normalize-wheel-es-1.2.0.tgz#0fa2593d619f7245a541652619105ab076acf09e"

path-parse@^1.0.7:
  version "1.0.7"
  resolved "https://registry.npmmirror.com/path-parse/-/path-parse-1.0.7.tgz#fbc114b60ca42b30d9daf5858e4bd68bbedb6735"

pathe@^1.1.0:
  version "1.1.0"
  resolved "https://registry.npmmirror.com/pathe/-/pathe-1.1.0.tgz#e2e13f6c62b31a3289af4ba19886c230f295ec03"

picocolors@^1.0.0:
  version "1.0.0"
  resolved "https://registry.npmmirror.com/picocolors/-/picocolors-1.0.0.tgz#cb5bdc74ff3f51892236eaf79d68bc44564ab81c"

picomatch@^2.0.4, picomatch@^2.2.1, picomatch@^2.3.1:
  version "2.3.1"
  resolved "https://registry.npmmirror.com/picomatch/-/picomatch-2.3.1.tgz#3ba3833733646d9d3e4995946c1365a67fb07a42"

pinia-plugin-persistedstate@^3.1.0:
  version "3.1.0"
  resolved "https://registry.npmmirror.com/pinia-plugin-persistedstate/-/pinia-plugin-persistedstate-3.1.0.tgz#eada2b61ecd478fce88e490a685210415cd7a1b4"

pinia@^2.0.32:
  version "2.0.35"
  resolved "https://registry.npmmirror.com/pinia/-/pinia-2.0.35.tgz#aa2597038bb55ea14ad689f83065d2814ebb8c10"
  dependencies:
    "@vue/devtools-api" "^6.5.0"
    vue-demi "*"

pkg-types@^1.0.2:
  version "1.0.2"
  resolved "https://registry.npmmirror.com/pkg-types/-/pkg-types-1.0.2.tgz#c233efc5210a781e160e0cafd60c0d0510a4b12e"
  dependencies:
    jsonc-parser "^3.2.0"
    mlly "^1.1.1"
    pathe "^1.1.0"

postcss@^8.1.10, postcss@^8.4.23:
  version "8.4.23"
  resolved "https://registry.npmmirror.com/postcss/-/postcss-8.4.23.tgz#df0aee9ac7c5e53e1075c24a3613496f9e6552ab"
  dependencies:
    nanoid "^3.3.6"
    picocolors "^1.0.0"
    source-map-js "^1.0.2"

proxy-from-env@^1.1.0:
  version "1.1.0"
  resolved "https://registry.npmmirror.com/proxy-from-env/-/proxy-from-env-1.1.0.tgz#e102f16ca355424865755d2c9e8ea4f24d58c3e2"

queue-microtask@^1.2.2:
  version "1.2.3"
  resolved "https://registry.npmmirror.com/queue-microtask/-/queue-microtask-1.2.3.tgz#4929228bbc724dfac43e0efb058caf7b6cfb6243"

readdirp@~3.6.0:
  version "3.6.0"
  resolved "https://registry.npmmirror.com/readdirp/-/readdirp-3.6.0.tgz#74a370bd857116e245b29cc97340cd431a02a6c7"
  dependencies:
    picomatch "^2.2.1"

resolve@^1.22.1:
  version "1.22.2"
  resolved "https://registry.npmmirror.com/resolve/-/resolve-1.22.2.tgz#0ed0943d4e301867955766c9f3e1ae6d01c6845f"
  dependencies:
    is-core-module "^2.11.0"
    path-parse "^1.0.7"
    supports-preserve-symlinks-flag "^1.0.0"

reusify@^1.0.4:
  version "1.0.4"
  resolved "https://registry.npmmirror.com/reusify/-/reusify-1.0.4.tgz#90da382b1e126efc02146e90845a88db12925d76"

rollup@^3.21.0:
  version "3.21.0"
  resolved "https://registry.npmmirror.com/rollup/-/rollup-3.21.0.tgz#0a71517db56e150222670f88e5e7acfa4fede7c8"
  optionalDependencies:
    fsevents "~2.3.2"

run-parallel@^1.1.9:
  version "1.2.0"
  resolved "https://registry.npmmirror.com/run-parallel/-/run-parallel-1.2.0.tgz#66d1368da7bdf921eb9d95bd1a9229e7f21a43ee"
  dependencies:
    queue-microtask "^1.2.2"

sass-loader@^13.2.1:
  version "13.2.2"
  resolved "https://registry.npmmirror.com/sass-loader/-/sass-loader-13.2.2.tgz#f97e803993b24012c10d7ba9676548bf7a6b18b9"
  dependencies:
    klona "^2.0.6"
    neo-async "^2.6.2"

sass@^1.59.3:
  version "1.62.1"
  resolved "https://registry.npmmirror.com/sass/-/sass-1.62.1.tgz#caa8d6bf098935bc92fc73fa169fb3790cacd029"
  dependencies:
    chokidar ">=3.0.0 <4.0.0"
    immutable "^4.0.0"
    source-map-js ">=0.6.2 <2.0.0"

scule@^1.0.0:
  version "1.0.0"
  resolved "https://registry.npmmirror.com/scule/-/scule-1.0.0.tgz#895e6f4ba887e78d8b9b4111e23ae84fef82376d"

"source-map-js@>=0.6.2 <2.0.0", source-map-js@^1.0.2:
  version "1.0.2"
  resolved "https://registry.npmmirror.com/source-map-js/-/source-map-js-1.0.2.tgz#adbc361d9c62df380125e7f161f71c826f1e490c"

source-map@^0.6.1:
  version "0.6.1"
  resolved "https://registry.npmmirror.com/source-map/-/source-map-0.6.1.tgz#74722af32e9614e9c287a8d0bbde48b5e2f1a263"

sourcemap-codec@^1.4.8:
  version "1.4.8"
  resolved "https://registry.npmmirror.com/sourcemap-codec/-/sourcemap-codec-1.4.8.tgz#ea804bd94857402e6992d05a38ef1ae35a9ab4c4"

strip-literal@^1.0.1:
  version "1.0.1"
  resolved "https://registry.npmmirror.com/strip-literal/-/strip-literal-1.0.1.tgz#0115a332710c849b4e46497891fb8d585e404bd2"
  dependencies:
    acorn "^8.8.2"

supports-preserve-symlinks-flag@^1.0.0:
  version "1.0.0"
  resolved "https://registry.npmmirror.com/supports-preserve-symlinks-flag/-/supports-preserve-symlinks-flag-1.0.0.tgz#6eda4bd344a3c94aea376d4cc31bc77311039e09"

throttle-debounce@^3.0.1:
  version "3.0.1"
  resolved "https://registry.npmmirror.com/throttle-debounce/-/throttle-debounce-3.0.1.tgz#32f94d84dfa894f786c9a1f290e7a645b6a19abb"

to-regex-range@^5.0.1:
  version "5.0.1"
  resolved "https://registry.npmmirror.com/to-regex-range/-/to-regex-range-5.0.1.tgz#1648c44aae7c8d988a326018ed72f5b4dd0392e4"
  dependencies:
    is-number "^7.0.0"

ufo@^1.1.1:
  version "1.1.1"
  resolved "https://registry.npmmirror.com/ufo/-/ufo-1.1.1.tgz#e70265e7152f3aba425bd013d150b2cdf4056d7c"

unimport@^3.0.6:
  version "3.0.6"
  resolved "https://registry.npmmirror.com/unimport/-/unimport-3.0.6.tgz#20caac4cf9a94e9233cdbe3a16f7599ae75a7df8"
  dependencies:
    "@rollup/pluginutils" "^5.0.2"
    escape-string-regexp "^5.0.0"
    fast-glob "^3.2.12"
    local-pkg "^0.4.3"
    magic-string "^0.30.0"
    mlly "^1.2.0"
    pathe "^1.1.0"
    pkg-types "^1.0.2"
    scule "^1.0.0"
    strip-literal "^1.0.1"
    unplugin "^1.3.1"

unplugin-auto-import@^0.15.2:
  version "0.15.3"
  resolved "https://registry.npmmirror.com/unplugin-auto-import/-/unplugin-auto-import-0.15.3.tgz#abf5f1bf42f8c181e9dd1067bd5645aad727df6e"
  dependencies:
    "@antfu/utils" "^0.7.2"
    "@rollup/pluginutils" "^5.0.2"
    local-pkg "^0.4.3"
    magic-string "^0.30.0"
    minimatch "^9.0.0"
    unimport "^3.0.6"
    unplugin "^1.3.1"

unplugin-vue-components@^0.24.1:
  version "0.24.1"
  resolved "https://registry.npmmirror.com/unplugin-vue-components/-/unplugin-vue-components-0.24.1.tgz#b5c3419c30a603dd795e3a0d63c4c12f4a5d8274"
  dependencies:
    "@antfu/utils" "^0.7.2"
    "@rollup/pluginutils" "^5.0.2"
    chokidar "^3.5.3"
    debug "^4.3.4"
    fast-glob "^3.2.12"
    local-pkg "^0.4.3"
    magic-string "^0.30.0"
    minimatch "^7.4.2"
    resolve "^1.22.1"
    unplugin "^1.1.0"

unplugin@^1.1.0, unplugin@^1.3.1:
  version "1.3.1"
  resolved "https://registry.npmmirror.com/unplugin/-/unplugin-1.3.1.tgz#7af993ba8695d17d61b0845718380caf6af5109f"
  dependencies:
    acorn "^8.8.2"
    chokidar "^3.5.3"
    webpack-sources "^3.2.3"
    webpack-virtual-modules "^0.5.0"

vite@^4.1.4:
  version "4.3.3"
  resolved "https://registry.npmmirror.com/vite/-/vite-4.3.3.tgz#26adb4aa01439fc4546c480ea547674d87289396"
  dependencies:
    esbuild "^0.17.5"
    postcss "^8.4.23"
    rollup "^3.21.0"
  optionalDependencies:
    fsevents "~2.3.2"

vue-demi@*, vue-demi@>=0.14.0:
  version "0.14.0"
  resolved "https://registry.npmmirror.com/vue-demi/-/vue-demi-0.14.0.tgz#dcfd9a9cf9bb62ada1582ec9042372cf67ca6190"

vue-router@^4.1.6:
  version "4.1.6"
  resolved "https://registry.npmmirror.com/vue-router/-/vue-router-4.1.6.tgz#b70303737e12b4814578d21d68d21618469375a1"
  dependencies:
    "@vue/devtools-api" "^6.4.5"

vue3-video-play@^1.3.1-beta.6:
  version "1.3.1-beta.6"
  resolved "https://registry.npmmirror.com/vue3-video-play/-/vue3-video-play-1.3.1-beta.6.tgz#bca3f55a11053eaa37053835e4610c04d9cc509e"
  dependencies:
    hls.js "^1.0.10"
    throttle-debounce "^3.0.1"
    vue "^3.2.2"

vue@^3.2.2:
  version "3.3.1"
  resolved "https://registry.npmmirror.com/vue/-/vue-3.3.1.tgz#267372cecd953900412bb00108bb56a591f57d33"
  dependencies:
    "@vue/compiler-dom" "3.3.1"
    "@vue/compiler-sfc" "3.3.1"
    "@vue/runtime-dom" "3.3.1"
    "@vue/server-renderer" "3.3.1"
    "@vue/shared" "3.3.1"

vue@^3.2.47:
  version "3.2.47"
  resolved "https://registry.npmmirror.com/vue/-/vue-3.2.47.tgz#3eb736cbc606fc87038dbba6a154707c8a34cff0"
  dependencies:
    "@vue/compiler-dom" "3.2.47"
    "@vue/compiler-sfc" "3.2.47"
    "@vue/runtime-dom" "3.2.47"
    "@vue/server-renderer" "3.2.47"
    "@vue/shared" "3.2.47"

webpack-sources@^3.2.3:
  version "3.2.3"
  resolved "https://registry.npmmirror.com/webpack-sources/-/webpack-sources-3.2.3.tgz#2d4daab8451fd4b240cc27055ff6a0c2ccea0cde"

webpack-virtual-modules@^0.5.0:
  version "0.5.0"
  resolved "https://registry.npmmirror.com/webpack-virtual-modules/-/webpack-virtual-modules-0.5.0.tgz#362f14738a56dae107937ab98ea7062e8bdd3b6c"
